github.com/jsommerville-untangle/golang-shared v0.0.0-20201216165643-94e220c75ad5 h1:uNzTvNck/0D54BeAeZss8U+iIdZ8K2/A1MkmMD7UxGU=
github.com/jsommerville-untangle/golang-shared v0.0.0-20201216165643-94e220c75ad5/go.mod h1:Uy1A99vjiHkcvTTWLx8dUqGDYvJpds9J5sRcSNLHPPc=
github.com/pebbe/zmq4 v1.2.2 h1:RZ5Ogp0D5S6u+tSxopnI3afAf0ifWbvQOAw9HxXvZP4=
github.com/pebbe/zmq4 v1.2.2/go.mod h1:7N4y5R18zBiu3l0vajMUWQgZyjv464prE8RCyBcmnZM=
